%{
  "axon": {:hex, :axon, "0.3.1", "d2f678871d439ff623c50eecb255e2e89de9e2cd5d4bb7a40d9a80f3a46b86d1", [:mix], [{:kino, "~> 0.7", [hex: :kino, repo: "hexpm", optional: true]}, {:nx, "~> 0.4.0", [hex: :nx, repo: "hexpm", optional: false]}, {:table_rex, "~> 3.1.1", [hex: :table_rex, repo: "hexpm", optional: true]}], "hexpm", "01e0c085a3f26d0cccd44e29a2f308c537ad71d573bb853130f1fd484caccd55"},
  "axon_onnx": {:git, "https://github.com/elixir-nx/axon_onnx.git", "bbccefe633d049ff80ada6b9e783809404af9710", [ref: "origin/master"]},
  "complex": {:hex, :complex, "0.4.2", "923e5db0be13dbb3ea00cf8459d9f75f3afdd9ff5a82742ded21064330d28273", [:mix], [], "hexpm", "069a085ef820ce675a2619fd125b963ff4514af2102c7f7d7965128e5ec0a429"},
  "decimal": {:hex, :decimal, "2.0.0", "a78296e617b0f5dd4c6caf57c714431347912ffb1d0842e998e9792b5642d697", [:mix], [], "hexpm", "34666e9c55dea81013e77d9d87370fe6cb6291d1ef32f46a1600230b1d44f577"},
  "dialyxir": {:hex, :dialyxir, "1.2.0", "58344b3e87c2e7095304c81a9ae65cb68b613e28340690dfe1a5597fd08dec37", [:mix], [{:erlex, ">= 0.2.6", [hex: :erlex, repo: "hexpm", optional: false]}], "hexpm", "61072136427a851674cab81762be4dbeae7679f85b1272b6d25c3a839aff8463"},
  "elixir_make": {:hex, :elixir_make, "0.7.1", "314f2a5450254db0446ba94cc1ba12a25b83b457f24aa9cc21c128cead5d03aa", [:mix], [{:castore, "~> 0.1", [hex: :castore, repo: "hexpm", optional: true]}], "hexpm", "0f1ad4787b4d7489563351cbf85c9221a852f5441364a2cb3ffd36f2fda7f7fb"},
  "elixir_uuid": {:hex, :elixir_uuid, "1.2.1", "dce506597acb7e6b0daeaff52ff6a9043f5919a4c3315abb4143f0b00378c097", [:mix], [], "hexpm", "f7eba2ea6c3555cea09706492716b0d87397b88946e6380898c2889d68585752"},
  "erlex": {:hex, :erlex, "0.2.6", "c7987d15e899c7a2f34f5420d2a2ea0d659682c06ac607572df55a43753aa12e", [:mix], [], "hexpm", "2ed2e25711feb44d52b17d2780eabf998452f6efda104877a3881c2f8c0c0c75"},
  "exla": {:git, "https://github.com/elixir-nx/nx.git", "0fae4bca18d750abd4d8040715404373cc8891a5", [sparse: "exla", ref: "0fae4bca18d750abd4d8040715404373cc8891a5"]},
  "nx": {:hex, :nx, "0.4.1", "3cc8e420d0835ab7cac94f253950dee3ff927c68798ae88a3e4ff184a825b042", [:mix], [{:complex, "~> 0.4.2", [hex: :complex, repo: "hexpm", optional: false]}], "hexpm", "0b33fccaf76ebc6e79d53fe1149a70f99838e6505e9e7092e5a0a57b131b27c6"},
  "optimus": {:hex, :optimus, "0.3.0", "72754d1a06bab7b4b7f59b05622e442e5ab7909b9db5d8b01dc3d2792559fa9e", [:mix], [], "hexpm", "d0d026fdf068e461e1173c463ea2da15e109942135aa4e2490dd2dc9ef05946c"},
  "protox": {:hex, :protox, "1.6.10", "41d0b0c5b9190e7d5e6a2b1a03a09257ead6f3d95e6a0cf8b81430b526126908", [:mix], [{:decimal, "~> 1.9 or ~> 2.0", [hex: :decimal, repo: "hexpm", optional: false]}, {:jason, "~> 1.2", [hex: :jason, repo: "hexpm", optional: true]}], "hexpm", "9769fca26ae7abfc5cc61308a1e8d9e2400ff89a799599cee7930d21132832d9"},
  "telemetry": {:hex, :telemetry, "1.1.0", "a589817034a27eab11144ad24d5c0f9fab1f58173274b1e9bae7074af9cbee51", [:rebar3], [], "hexpm", "b727b2a1f75614774cff2d7565b64d0dfa5bd52ba517f16543e6fc7efcc0df48"},
  "xla": {:hex, :xla, "0.3.0", "7f40d3d799447bd745e6e61985c922821e355eca37c25754bac299d11f137f2e", [:make, :mix], [{:elixir_make, "~> 0.4", [hex: :elixir_make, repo: "hexpm", optional: false]}], "hexpm", "0de304f5624ea2f2ae1afdcbd72d33855364be36fed2cc5de8d6d2ec8950926e"},
  "yamerl": {:hex, :yamerl, "0.10.0", "4ff81fee2f1f6a46f1700c0d880b24d193ddb74bd14ef42cb0bcf46e81ef2f8e", [:rebar3], [], "hexpm", "346adb2963f1051dc837a2364e4acf6eb7d80097c0f53cbdc3046ec8ec4b4e6e"},
  "yaml_elixir": {:hex, :yaml_elixir, "2.9.0", "9a256da867b37b8d2c1ffd5d9de373a4fda77a32a45b452f1708508ba7bbcb53", [:mix], [{:yamerl, "~> 0.10", [hex: :yamerl, repo: "hexpm", optional: false]}], "hexpm", "0cb0e7d4c56f5e99a6253ed1a670ed0e39c13fc45a6da054033928607ac08dfc"},
}
